
Microsoft Visual Studio Solution File, Format Version 12.00
# Visual Studio 2012
Project("{FAE04EC0-301F-11D3-BF4B-00C04F79EFBC}") = "Renderer", "Renderer.csproj", "{E3C10096-CCF5-4853-B868-1C7969DAFDD2}"
EndProject
Global
	GlobalSection(SolutionConfigurationPlatforms) = preSolution
		Debug|x86 = Debug|x86
		Release|x86 = Release|x86
	EndGlobalSection
	GlobalSection(ProjectConfigurationPlatforms) = postSolution
		{E3C10096-CCF5-4853-B868-1C7969DAFDD2}.Debug|x86.ActiveCfg = Debug|x86
		{E3C10096-CCF5-4853-B868-1C7969DAFDD2}.Debug|x86.Build.0 = Debug|x86
		{E3C10096-CCF5-4853-B868-1C7969DAFDD2}.Release|x86.ActiveCfg = Release|x86
		{E3C10096-CCF5-4853-B868-1C7969DAFDD2}.Release|x86.Build.0 = Release|x86
	EndGlobalSection
EndGlobal
